// !$*UTF8*$!
{
	archiveVersion = 1;
	classes = {
	};
	objectVersion = 50;
	objects = {

/* Begin PBXBuildFile section */
		8EB839D221B7659E0088EFF3 /* AppDelegate.m in Sources */ = {isa = PBXBuildFile; fileRef = 8EB839D121B7659E0088EFF3 /* AppDelegate.m */; };
		8EB839D521B7659E0088EFF3 /* ViewController.m in Sources */ = {isa = PBXBuildFile; fileRef = 8EB839D421B7659E0088EFF3 /* ViewController.m */; };
		8EB839D821B7659E0088EFF3 /* Main.storyboard in Resources */ = {isa = PBXBuildFile; fileRef = 8EB839D621B7659E0088EFF3 /* Main.storyboard */; };
		8EB839DA21B765A00088EFF3 /* Assets.xcassets in Resources */ = {isa = PBXBuildFile; fileRef = 8EB839D921B765A00088EFF3 /* Assets.xcassets */; };
		8EB839DD21B765A00088EFF3 /* LaunchScreen.storyboard in Resources */ = {isa = PBXBuildFile; fileRef = 8EB839DB21B765A00088EFF3 /* LaunchScreen.storyboard */; };
		8EB839E021B765A00088EFF3 /* main.m in Sources */ = {isa = PBXBuildFile; fileRef = 8EB839DF21B765A00088EFF3 /* main.m */; };
/* End PBXBuildFile section */

/* Begin PBXFileReference section */
		8EB839CD21B7659E0088EFF3 /* LKVODemo1.app */ = {isa = PBXFileReference; explicitFileType = wrapper.application; includeInIndex = 0; path = LKVODemo1.app; sourceTree = BUILT_PRODUCTS_DIR; };
		8EB839D021B7659E0088EFF3 /* AppDelegate.h */ = {isa = PBXFileReference; lastKnownFileType = sourcecode.c.h; path = AppDelegate.h; sourceTree = "<group>"; };
		8EB839D121B7659E0088EFF3 /* AppDelegate.m */ = {isa = PBXFileReference; lastKnownFileType = sourcecode.c.objc; path = AppDelegate.m; sourceTree = "<group>"; };
		8EB839D321B7659E0088EFF3 /* ViewController.h */ = {isa = PBXFileReference; lastKnownFileType = sourcecode.c.h; path = ViewController.h; sourceTree = "<group>"; };
		8EB839D421B7659E0088EFF3 /* ViewController.m */ = {isa = PBXFileReference; lastKnownFileType = sourcecode.c.objc; path = ViewController.m; sourceTree = "<group>"; };
		8EB839D721B7659E0088EFF3 /* Base */ = {isa = PBXFileReference; lastKnownFileType = file.storyboard; name = Base; path = Base.lproj/Main.storyboard; sourceTree = "<group>"; };
		8EB839D921B765A00088EFF3 /* Assets.xcassets */ = {isa = PBXFileReference; lastKnownFileType = folder.assetcatalog; path = Assets.xcassets; sourceTree = "<group>"; };
		8EB839DC21B765A00088EFF3 /* Base */ = {isa = PBXFileReference; lastKnownFileType = file.storyboard; name = Base; path = Base.lproj/LaunchScreen.storyboard; sourceTree = "<group>"; };
		8EB839DE21B765A00088EFF3 /* Info.plist */ = {isa = PBXFileReference; lastKnownFileType = text.plist.xml; path = Info.plist; sourceTree = "<group>"; };
		8EB839DF21B765A00088EFF3 /* main.m */ = {isa = PBXFileReference; lastKnownFileType = sourcecode.c.objc; path = main.m; sourceTree = "<group>"; };
/* End PBXFileReference section */

/* Begin PBXFrameworksBuildPhase section */
		8EB839CA21B7659E0088EFF3 /* Frameworks */ = {
			isa = PBXFrameworksBuildPhase;
			buildActionMask = 2147483647;
			files = (
			);
			runOnlyForDeploymentPostprocessing = 0;
		};
/* End PBXFrameworksBuildPhase section */

/* Begin PBXGroup section */
		8EB839C421B7659E0088EFF3 = {
			isa = PBXGroup;
			children = (
				8EB839CF21B7659E0088EFF3 /* LKVODemo1 */,
				8EB839CE21B7659E0088EFF3 /* Products */,
			);
			sourceTree = "<group>";
		};
		8EB839CE21B7659E0088EFF3 /* Products */ = {
			isa = PBXGroup;
			children = (
				8EB839CD21B7659E0088EFF3 /* LKVODemo1.app */,
			);
			name = Products;
			sourceTree = "<group>";
		};
		8EB839CF21B7659E0088EFF3 /* LKVODemo1 */ = {
			isa = PBXGroup;
			children = (
				8EB839D021B7659E0088EFF3 /* AppDelegate.h */,
				8EB839D121B7659E0088EFF3 /* AppDelegate.m */,
				8EB839D321B7659E0088EFF3 /* ViewController.h */,
				8EB839D421B7659E0088EFF3 /* ViewController.m */,
				8EB839D621B7659E0088EFF3 /* Main.storyboard */,
				8EB839D921B765A00088EFF3 /* Assets.xcassets */,
				8EB839DB21B765A00088EFF3 /* LaunchScreen.storyboard */,
				8EB839DE21B765A00088EFF3 /* Info.plist */,
				8EB839DF21B765A00088EFF3 /* main.m */,
			);
			path = LKVODemo1;
			sourceTree = "<group>";
		};
/* End PBXGroup section */

/* Begin PBXNativeTarget section */
		8EB839CC21B7659E0088EFF3 /* LKVODemo1 */ = {
			isa = PBXNativeTarget;
			buildConfigurationList = 8EB839E321B765A00088EFF3 /* Build configuration list for PBXNativeTarget "LKVODemo1" */;
			buildPhases = (
				8EB839C921B7659E0088EFF3 /* Sources */,
				8EB839CA21B7659E0088EFF3 /* Frameworks */,
				8EB839CB21B7659E0088EFF3 /* Resources */,
			);
			buildRules = (
			);
			dependencies = (
			);
			name = LKVODemo1;
			productName = LKVODemo1;
			productReference = 8EB839CD21B7659E0088EFF3 /* LKVODemo1.app */;
			productType = "com.apple.product-type.application";
		};
/* End PBXNativeTarget section */

/* Begin PBXProject section */
		8EB839C521B7659E0088EFF3 /* Project object */ = {
			isa = PBXProject;
			attributes = {
				LastUpgradeCheck = 1010;
				ORGANIZATIONNAME = "MianYang HT.Net  Co.,Ltd.";
				TargetAttributes = {
					8EB839CC21B7659E0088EFF3 = {
						CreatedOnToolsVersion = 10.1;
					};
				};
			};
			buildConfigurationList = 8EB839C821B7659E0088EFF3 /* Build configuration list for PBXProject "LKVODemo1" */;
			compatibilityVersion = "Xcode 9.3";
			developmentRegion = en;
			hasScannedForEncodings = 0;
			knownRegions = (
				en,
				Base,
			);
			mainGroup = 8EB839C421B7659E0088EFF3;
			productRefGroup = 8EB839CE21B7659E0088EFF3 /* Products */;
			projectDirPath = "";
			projectRoot = "";
			targets = (
				8EB839CC21B7659E0088EFF3 /* LKVODemo1 */,
			);
		};
/* End PBXProject section */

/* Begin PBXResourcesBuildPhase section */
		8EB839CB21B7659E0088EFF3 /* Resources */ = {
			isa = PBXResourcesBuildPhase;
			buildActionMask = 2147483647;
			files = (
				8EB839DD21B765A00088EFF3 /* LaunchScreen.storyboard in Resources */,
				8EB839DA21B765A00088EFF3 /* Assets.xcassets in Resources */,
				8EB839D821B7659E0088EFF3 /* Main.storyboard in Resources */,
			);
			runOnlyForDeploymentPostprocessing = 0;
		};
/* End PBXResourcesBuildPhase section */

/* Begin PBXSourcesBuildPhase section */
		8EB839C921B7659E0088EFF3 /* Sources */ = {
			isa = PBXSourcesBuildPhase;
			buildActionMask = 2147483647;
			files = (
				8EB839D521B7659E0088EFF3 /* ViewController.m in Sources */,
				8EB839E021B765A00088EFF3 /* main.m in Sources */,
				8EB839D221B7659E0088EFF3 /* AppDelegate.m in Sources */,
			);
			runOnlyForDeploymentPostprocessing = 0;
		};
/* End PBXSourcesBuildPhase section */

/* Begin PBXVariantGroup section */
		8EB839D621B7659E0088EFF3 /* Main.storyboard */ = {
			isa = PBXVariantGroup;
			children = (
				8EB839D721B7659E0088EFF3 /* Base */,
			);
			name = Main.storyboard;
			sourceTree = "<group>";
		};
		8EB839DB21B765A00088EFF3 /* LaunchScreen.storyboard */ = {
			isa = PBXVariantGroup;
			children = (
				8EB839DC21B765A00088EFF3 /* Base */,
			);
			name = LaunchScreen.storyboard;
			sourceTree = "<group>";
		};
/* End PBXVariantGroup section */

/* Begin XCBuildConfiguration section */
		8EB839E121B765A00088EFF3 /* Debug */ = {
			isa = XCBuildConfiguration;
			buildSettings = {
				ALWAYS_SEARCH_USER_PATHS = NO;
				CLANG_ANALYZER_NONNULL = YES;
				CLANG_ANALYZER_NUMBER_OBJECT_CONVERSION = YES_AGGRESSIVE;
				CLANG_CXX_LANGUAGE_STANDARD = "gnu++14";
				CLANG_CXX_LIBRARY = "libc++";
				CLANG_ENABLE_MODULES = YES;
				CLANG_ENABLE_OBJC_ARC = YES;
				CLANG_ENABLE_OBJC_WEAK = YES;
				CLANG_WARN_BLOCK_CAPTURE_AUTORELEASING = YES;
				CLANG_WARN_BOOL_CONVERSION = YES;
				CLANG_WARN_COMMA = YES;
				CLANG_WARN_CONSTANT_CONVERSION = YES;
				CLANG_WARN_DEPRECATED_OBJC_IMPLEMENTATIONS = YES;
				CLANG_WARN_DIRECT_OBJC_ISA_USAGE = YES_ERROR;
				CLANG_WARN_DOCUMENTATION_COMMENTS = YES;
				CLANG_WARN_EMPTY_BODY = YES;
				CLANG_WARN_ENUM_CONVERSION = YES;
				CLANG_WARN_INFINITE_RECURSION = YES;
				CLANG_WARN_INT_CONVERSION = YES;
				CLANG_WARN_NON_LITERAL_NULL_CONVERSION = YES;
				CLANG_WARN_OBJC_IMPLICIT_RETAIN_SELF = YES;
				CLANG_WARN_OBJC_LITERAL_CONVERSION = YES;
				CLANG_WARN_OBJC_ROOT_CLASS = YES_ERROR;
				CLANG_WARN_RANGE_LOOP_ANALYSIS = YES;
				CLANG_WARN_STRICT_PROTOTYPES = YES;
				CLANG_WARN_SUSPICIOUS_MOVE = YES;
				CLANG_WARN_UNGUARDED_AVAILABILITY = YES_AGGRESSIVE;
				CLANG_WARN_UNREACHABLE_CODE = YES;
				CLANG_WARN__DUPLICATE_METHOD_MATCH = YES;
				CODE_SIGN_IDENTITY = "iPhone Developer";
				COPY_PHASE_STRIP = NO;
				DEBUG_INFORMATION_FORMAT = dwarf;
				ENABLE_STRICT_OBJC_MSGSEND = YES;
				ENABLE_TESTABILITY = YES;
				GCC_C_LANGUAGE_STANDARD = gnu11;
				GCC_DYNAMIC_NO_PIC = NO;
				GCC_NO_COMMON_BLOCKS = YES;
				GCC_OPTIMIZATION_LEVEL = 0;
				GCC_PREPROCESSOR_DEFINITIONS = (
					"DEBUG=1",
					"$(inherited)",
				);
				GCC_WARN_64_TO_32_BIT_CONVERSION = YES;
				GCC_WARN_ABOUT_RETURN_TYPE = YES_ERROR;
				GCC_WARN_UNDECLARED_SELECTOR = YES;
				GCC_WARN_UNINITIALIZED_AUTOS = YES_AGGRESSIVE;
				GCC_WARN_UNUSED_FUNCTION = YES;
				GCC_WARN_UNUSED_VARIABLE = YES;
				IPHONEOS_DEPLOYMENT_TARGET = 12.1;
				MTL_ENABLE_DEBUG_INFO = INCLUDE_SOURCE;
				MTL_FAST_MATH = YES;
				ONLY_ACTIVE_ARCH = YES;
				SDKROOT = iphoneos;
			};
			name = Debug;
		};
		8EB839E221B765A00088EFF3 /* Release */ = {
			isa = XCBuildConfiguration;
			buildSettings = {
				ALWAYS_SEARCH_USER_PATHS = NO;
				CLANG_ANALYZER_NONNULL = YES;
				CLANG_ANALYZER_NUMBER_OBJECT_CONVERSION = YES_AGGRESSIVE;
				CLANG_CXX_LANGUAGE_STANDARD = "gnu++14";
				CLANG_CXX_LIBRARY = "libc++";
				CLANG_ENABLE_MODULES = YES;
				CLANG_ENABLE_OBJC_ARC = YES;
				CLANG_ENABLE_OBJC_WEAK = YES;
				CLANG_WARN_BLOCK_CAPTURE_AUTORELEASING = YES;
				CLANG_WARN_BOOL_CONVERSION = YES;
				CLANG_WARN_COMMA = YES;
				CLANG_WARN_CONSTANT_CONVERSION = YES;
				CLANG_WARN_DEPRECATED_OBJC_IMPLEMENTATIONS = YES;
				CLANG_WARN_DIRECT_OBJC_ISA_USAGE = YES_ERROR;
				CLANG_WARN_DOCUMENTATION_COMMENTS = YES;
				CLANG_WARN_EMPTY_BODY = YES;
				CLANG_WARN_ENUM_CONVERSION = YES;
				CLANG_WARN_INFINITE_RECURSION = YES;
				CLANG_WARN_INT_CONVERSION = YES;
				CLANG_WARN_NON_LITERAL_NULL_CONVERSION = YES;
				CLANG_WARN_OBJC_IMPLICIT_RETAIN_SELF = YES;
				CLANG_WARN_OBJC_LITERAL_CONVERSION = YES;
				CLANG_WARN_OBJC_ROOT_CLASS = YES_ERROR;
				CLANG_WARN_RANGE_LOOP_ANALYSIS = YES;
				CLANG_WARN_STRICT_PROTOTYPES = YES;
				CLANG_WARN_SUSPICIOUS_MOVE = YES;
				CLANG_WARN_UNGUARDED_AVAILABILITY = YES_AGGRESSIVE;
				CLANG_WARN_UNREACHABLE_CODE = YES;
				CLANG_WARN__DUPLICATE_METHOD_MATCH = YES;
				CODE_SIGN_IDENTITY = "iPhone Developer";
				COPY_PHASE_STRIP = NO;
				DEBUG_INFORMATION_FORMAT = "dwarf-with-dsym";
				ENABLE_NS_ASSERTIONS = NO;
				ENABLE_STRICT_OBJC_MSGSEND = YES;
				GCC_C_LANGUAGE_STANDARD = gnu11;
				GCC_NO_COMMON_BLOCKS = YES;
				GCC_WARN_64_TO_32_BIT_CONVERSION = YES;
				GCC_WARN_ABOUT_RETURN_TYPE = YES_ERROR;
				GCC_WARN_UNDECLARED_SELECTOR = YES;
				GCC_WARN_UNINITIALIZED_AUTOS = YES_AGGRESSIVE;
				GCC_WARN_UNUSED_FUNCTION = YES;
				GCC_WARN_UNUSED_VARIABLE = YES;
				IPHONEOS_DEPLOYMENT_TARGET = 12.1;
				MTL_ENABLE_DEBUG_INFO = NO;
				MTL_FAST_MATH = YES;
				SDKROOT = iphoneos;
				VALIDATE_PRODUCT = YES;
			};
			name = Release;
		};
		8EB839E421B765A00088EFF3 /* Debug */ = {
			isa = XCBuildConfiguration;
			buildSettings = {
				ASSETCATALOG_COMPILER_APPICON_NAME = AppIcon;
				CODE_SIGN_STYLE = Automatic;
				DEVELOPMENT_TEAM = VZ4V333F3E;
				INFOPLIST_FILE = LKVODemo1/Info.plist;
				LD_RUNPATH_SEARCH_PATHS = (
					"$(inherited)",
					"@executable_path/Frameworks",
				);
				PRODUCT_BUNDLE_IDENTIFIER = com.myht.LKVODemo1;
				PRODUCT_NAME = "$(TARGET_NAME)";
				TARGETED_DEVICE_FAMILY = "1,2";
			};
			name = Debug;
		};
		8EB839E521B765A00088EFF3 /* Release */ = {
			isa = XCBuildConfiguration;
			buildSettings = {
				ASSETCATALOG_COMPILER_APPICON_NAME = AppIcon;
				CODE_SIGN_STYLE = Automatic;
				DEVELOPMENT_TEAM = VZ4V333F3E;
				INFOPLIST_FILE = LKVODemo1/Info.plist;
				LD_RUNPATH_SEARCH_PATHS = (
					"$(inherited)",
					"@executable_path/Frameworks",
				);
				PRODUCT_BUNDLE_IDENTIFIER = com.myht.LKVODemo1;
				PRODUCT_NAME = "$(TARGET_NAME)";
				TARGETED_DEVICE_FAMILY = "1,2";
			};
			name = Release;
		};
/* End XCBuildConfiguration section */

/* Begin XCConfigurationList section */
		8EB839C821B7659E0088EFF3 /* Build configuration list for PBXProject "LKVODemo1" */ = {
			isa = XCConfigurationList;
			buildConfigurations = (
				8EB839E121B765A00088EFF3 /* Debug */,
				8EB839E221B765A00088EFF3 /* Release */,
			);
			defaultConfigurationIsVisible = 0;
			defaultConfigurationName = Release;
		};
		8EB839E321B765A00088EFF3 /* Build configuration list for PBXNativeTarget "LKVODemo1" */ = {
			isa = XCConfigurationList;
			buildConfigurations = (
				8EB839E421B765A00088EFF3 /* Debug */,
				8EB839E521B765A00088EFF3 /* Release */,
			);
			defaultConfigurationIsVisible = 0;
			defaultConfigurationName = Release;
		};
/* End XCConfigurationList section */
	};
	rootObject = 8EB839C521B7659E0088EFF3 /* Project object */;
}
